{
  "name": "encryption-demo-0",
  "version": "1.0.0",
  "lockfileVersion": 3,
  "requires": true,
  "packages": {
    "": {
      "name": "encryption-demo-0",
      "version": "1.0.0",
      "license": "ISC",
      "dependencies": {
        "encryption-demo-0": "file:",
        "encryption-dmeo-0": "file:"
      }
    },
    "node_modules/encryption-demo-0": {
      "resolved": "",
      "link": true
    },
    "node_modules/encryption-dmeo-0": {
      "resolved": "",
      "link": true
    }
  }
}
